
Microsoft Visual Studio Solution File, Format Version 12.00
# Visual Studio Version 17
VisualStudioVersion = 17.5.33627.172
MinimumVisualStudioVersion = 10.0.40219.1
Project("{FAE04EC0-301F-11D3-BF4B-00C04F79EFBC}") = "AutoShopAPI", "AutoShopAPI\AutoShopAPI.csproj", "{54D5C1C5-D10D-4A57-9840-0E6D69BCDA65}"
EndProject
Global
	GlobalSection(SolutionConfigurationPlatforms) = preSolution
		Debug|Any CPU = Debug|Any CPU
		Release|Any CPU = Release|Any CPU
	EndGlobalSection
	GlobalSection(ProjectConfigurationPlatforms) = postSolution
		{54D5C1C5-D10D-4A57-9840-0E6D69BCDA65}.Debug|Any CPU.ActiveCfg = Debug|Any CPU
		{54D5C1C5-D10D-4A57-9840-0E6D69BCDA65}.Debug|Any CPU.Build.0 = Debug|Any CPU
		{54D5C1C5-D10D-4A57-9840-0E6D69BCDA65}.Release|Any CPU.ActiveCfg = Release|Any CPU
		{54D5C1C5-D10D-4A57-9840-0E6D69BCDA65}.Release|Any CPU.Build.0 = Release|Any CPU
	EndGlobalSection
	GlobalSection(SolutionProperties) = preSolution
		HideSolutionNode = FALSE
	EndGlobalSection
	GlobalSection(ExtensibilityGlobals) = postSolution
		SolutionGuid = {004BE46A-396D-4A52-A955-BF31B0E8EF94}
	EndGlobalSection
EndGlobal
